
Microsoft Visual Studio Solution File, Format Version 12.00
# Visual Studio Version 16
VisualStudioVersion = 16.0.30114.105
MinimumVisualStudioVersion = 10.0.40219.1
Project("{FAE04EC0-301F-11D3-BF4B-00C04F79EFBC}") = "day01", "day01\day01.csproj", "{4E98B0B5-7E52-4F23-89DB-CEFA7EF1ADDB}"
EndProject
Project("{FAE04EC0-301F-11D3-BF4B-00C04F79EFBC}") = "day02", "day02\day02.csproj", "{66151881-DAA4-4ED6-BF03-53FB561DF796}"
EndProject
Project("{FAE04EC0-301F-11D3-BF4B-00C04F79EFBC}") = "day03", "day03\day03.csproj", "{F2907C05-98AE-46FC-9F5A-4ECC35ED1A45}"
EndProject
Global
	GlobalSection(SolutionConfigurationPlatforms) = preSolution
		Debug|Any CPU = Debug|Any CPU
		Debug|x64 = Debug|x64
		Debug|x86 = Debug|x86
		Release|Any CPU = Release|Any CPU
		Release|x64 = Release|x64
		Release|x86 = Release|x86
	EndGlobalSection
	GlobalSection(SolutionProperties) = preSolution
		HideSolutionNode = FALSE
	EndGlobalSection
	GlobalSection(ProjectConfigurationPlatforms) = postSolution
		{4E98B0B5-7E52-4F23-89DB-CEFA7EF1ADDB}.Debug|Any CPU.ActiveCfg = Debug|Any CPU
		{4E98B0B5-7E52-4F23-89DB-CEFA7EF1ADDB}.Debug|Any CPU.Build.0 = Debug|Any CPU
		{4E98B0B5-7E52-4F23-89DB-CEFA7EF1ADDB}.Debug|x64.ActiveCfg = Debug|Any CPU
		{4E98B0B5-7E52-4F23-89DB-CEFA7EF1ADDB}.Debug|x64.Build.0 = Debug|Any CPU
		{4E98B0B5-7E52-4F23-89DB-CEFA7EF1ADDB}.Debug|x86.ActiveCfg = Debug|Any CPU
		{4E98B0B5-7E52-4F23-89DB-CEFA7EF1ADDB}.Debug|x86.Build.0 = Debug|Any CPU
		{4E98B0B5-7E52-4F23-89DB-CEFA7EF1ADDB}.Release|Any CPU.ActiveCfg = Release|Any CPU
		{4E98B0B5-7E52-4F23-89DB-CEFA7EF1ADDB}.Release|Any CPU.Build.0 = Release|Any CPU
		{4E98B0B5-7E52-4F23-89DB-CEFA7EF1ADDB}.Release|x64.ActiveCfg = Release|Any CPU
		{4E98B0B5-7E52-4F23-89DB-CEFA7EF1ADDB}.Release|x64.Build.0 = Release|Any CPU
		{4E98B0B5-7E52-4F23-89DB-CEFA7EF1ADDB}.Release|x86.ActiveCfg = Release|Any CPU
		{4E98B0B5-7E52-4F23-89DB-CEFA7EF1ADDB}.Release|x86.Build.0 = Release|Any CPU
		{66151881-DAA4-4ED6-BF03-53FB561DF796}.Debug|Any CPU.ActiveCfg = Debug|Any CPU
		{66151881-DAA4-4ED6-BF03-53FB561DF796}.Debug|Any CPU.Build.0 = Debug|Any CPU
		{66151881-DAA4-4ED6-BF03-53FB561DF796}.Debug|x64.ActiveCfg = Debug|Any CPU
		{66151881-DAA4-4ED6-BF03-53FB561DF796}.Debug|x64.Build.0 = Debug|Any CPU
		{66151881-DAA4-4ED6-BF03-53FB561DF796}.Debug|x86.ActiveCfg = Debug|Any CPU
		{66151881-DAA4-4ED6-BF03-53FB561DF796}.Debug|x86.Build.0 = Debug|Any CPU
		{66151881-DAA4-4ED6-BF03-53FB561DF796}.Release|Any CPU.ActiveCfg = Release|Any CPU
		{66151881-DAA4-4ED6-BF03-53FB561DF796}.Release|Any CPU.Build.0 = Release|Any CPU
		{66151881-DAA4-4ED6-BF03-53FB561DF796}.Release|x64.ActiveCfg = Release|Any CPU
		{66151881-DAA4-4ED6-BF03-53FB561DF796}.Release|x64.Build.0 = Release|Any CPU
		{66151881-DAA4-4ED6-BF03-53FB561DF796}.Release|x86.ActiveCfg = Release|Any CPU
		{66151881-DAA4-4ED6-BF03-53FB561DF796}.Release|x86.Build.0 = Release|Any CPU
		{F2907C05-98AE-46FC-9F5A-4ECC35ED1A45}.Debug|Any CPU.ActiveCfg = Debug|Any CPU
		{F2907C05-98AE-46FC-9F5A-4ECC35ED1A45}.Debug|Any CPU.Build.0 = Debug|Any CPU
		{F2907C05-98AE-46FC-9F5A-4ECC35ED1A45}.Debug|x64.ActiveCfg = Debug|Any CPU
		{F2907C05-98AE-46FC-9F5A-4ECC35ED1A45}.Debug|x64.Build.0 = Debug|Any CPU
		{F2907C05-98AE-46FC-9F5A-4ECC35ED1A45}.Debug|x86.ActiveCfg = Debug|Any CPU
		{F2907C05-98AE-46FC-9F5A-4ECC35ED1A45}.Debug|x86.Build.0 = Debug|Any CPU
		{F2907C05-98AE-46FC-9F5A-4ECC35ED1A45}.Release|Any CPU.ActiveCfg = Release|Any CPU
		{F2907C05-98AE-46FC-9F5A-4ECC35ED1A45}.Release|Any CPU.Build.0 = Release|Any CPU
		{F2907C05-98AE-46FC-9F5A-4ECC35ED1A45}.Release|x64.ActiveCfg = Release|Any CPU
		{F2907C05-98AE-46FC-9F5A-4ECC35ED1A45}.Release|x64.Build.0 = Release|Any CPU
		{F2907C05-98AE-46FC-9F5A-4ECC35ED1A45}.Release|x86.ActiveCfg = Release|Any CPU
		{F2907C05-98AE-46FC-9F5A-4ECC35ED1A45}.Release|x86.Build.0 = Release|Any CPU
	EndGlobalSection
EndGlobal
