
Microsoft Visual Studio Solution File, Format Version 12.00
# Visual Studio Version 16
VisualStudioVersion = 16.0.30114.105
MinimumVisualStudioVersion = 10.0.40219.1
Project("{FAE04EC0-301F-11D3-BF4B-00C04F79EFBC}") = "day01", "day01\day01.csproj", "{4E98B0B5-7E52-4F23-89DB-CEFA7EF1ADDB}"
EndProject
Project("{FAE04EC0-301F-11D3-BF4B-00C04F79EFBC}") = "day02", "day02\day02.csproj", "{66151881-DAA4-4ED6-BF03-53FB561DF796}"
EndProject
Project("{FAE04EC0-301F-11D3-BF4B-00C04F79EFBC}") = "day03", "day03\day03.csproj", "{F2907C05-98AE-46FC-9F5A-4ECC35ED1A45}"
EndProject
Project("{FAE04EC0-301F-11D3-BF4B-00C04F79EFBC}") = "day04", "day04\day04.csproj", "{137E48E3-878D-413F-AE03-D076D37C48E7}"
EndProject
Project("{FAE04EC0-301F-11D3-BF4B-00C04F79EFBC}") = "day05", "day05\day05.csproj", "{73024369-64CC-45B8-8146-957851B7E49C}"
EndProject
Project("{FAE04EC0-301F-11D3-BF4B-00C04F79EFBC}") = "day06", "day06\day06.csproj", "{8D3FAF35-7995-47D6-B869-2108364B1034}"
EndProject
Project("{FAE04EC0-301F-11D3-BF4B-00C04F79EFBC}") = "day07", "day07\day07.csproj", "{C9148B19-B5A8-4FD0-8655-A4731109B2BA}"
EndProject
Project("{FAE04EC0-301F-11D3-BF4B-00C04F79EFBC}") = "day08", "day08\day08.csproj", "{19BA3A36-7D61-4A03-B859-3A8B51D95DA8}"
EndProject
Project("{FAE04EC0-301F-11D3-BF4B-00C04F79EFBC}") = "day09", "day09\day09.csproj", "{001C198A-D9E6-46E1-9868-6534F59C349F}"
EndProject
Project("{FAE04EC0-301F-11D3-BF4B-00C04F79EFBC}") = "day10", "day10\day10.csproj", "{75688703-FE86-44AA-8F70-9E448D56243C}"
EndProject
Project("{FAE04EC0-301F-11D3-BF4B-00C04F79EFBC}") = "day11", "day11\day11.csproj", "{4AAB64B7-3DA1-4794-A314-607C0373B282}"
EndProject
Global
	GlobalSection(SolutionConfigurationPlatforms) = preSolution
		Debug|Any CPU = Debug|Any CPU
		Debug|x64 = Debug|x64
		Debug|x86 = Debug|x86
		Release|Any CPU = Release|Any CPU
		Release|x64 = Release|x64
		Release|x86 = Release|x86
	EndGlobalSection
	GlobalSection(SolutionProperties) = preSolution
		HideSolutionNode = FALSE
	EndGlobalSection
	GlobalSection(ProjectConfigurationPlatforms) = postSolution
		{4E98B0B5-7E52-4F23-89DB-CEFA7EF1ADDB}.Debug|Any CPU.ActiveCfg = Debug|Any CPU
		{4E98B0B5-7E52-4F23-89DB-CEFA7EF1ADDB}.Debug|Any CPU.Build.0 = Debug|Any CPU
		{4E98B0B5-7E52-4F23-89DB-CEFA7EF1ADDB}.Debug|x64.ActiveCfg = Debug|Any CPU
		{4E98B0B5-7E52-4F23-89DB-CEFA7EF1ADDB}.Debug|x64.Build.0 = Debug|Any CPU
		{4E98B0B5-7E52-4F23-89DB-CEFA7EF1ADDB}.Debug|x86.ActiveCfg = Debug|Any CPU
		{4E98B0B5-7E52-4F23-89DB-CEFA7EF1ADDB}.Debug|x86.Build.0 = Debug|Any CPU
		{4E98B0B5-7E52-4F23-89DB-CEFA7EF1ADDB}.Release|Any CPU.ActiveCfg = Release|Any CPU
		{4E98B0B5-7E52-4F23-89DB-CEFA7EF1ADDB}.Release|Any CPU.Build.0 = Release|Any CPU
		{4E98B0B5-7E52-4F23-89DB-CEFA7EF1ADDB}.Release|x64.ActiveCfg = Release|Any CPU
		{4E98B0B5-7E52-4F23-89DB-CEFA7EF1ADDB}.Release|x64.Build.0 = Release|Any CPU
		{4E98B0B5-7E52-4F23-89DB-CEFA7EF1ADDB}.Release|x86.ActiveCfg = Release|Any CPU
		{4E98B0B5-7E52-4F23-89DB-CEFA7EF1ADDB}.Release|x86.Build.0 = Release|Any CPU
		{66151881-DAA4-4ED6-BF03-53FB561DF796}.Debug|Any CPU.ActiveCfg = Debug|Any CPU
		{66151881-DAA4-4ED6-BF03-53FB561DF796}.Debug|Any CPU.Build.0 = Debug|Any CPU
		{66151881-DAA4-4ED6-BF03-53FB561DF796}.Debug|x64.ActiveCfg = Debug|Any CPU
		{66151881-DAA4-4ED6-BF03-53FB561DF796}.Debug|x64.Build.0 = Debug|Any CPU
		{66151881-DAA4-4ED6-BF03-53FB561DF796}.Debug|x86.ActiveCfg = Debug|Any CPU
		{66151881-DAA4-4ED6-BF03-53FB561DF796}.Debug|x86.Build.0 = Debug|Any CPU
		{66151881-DAA4-4ED6-BF03-53FB561DF796}.Release|Any CPU.ActiveCfg = Release|Any CPU
		{66151881-DAA4-4ED6-BF03-53FB561DF796}.Release|Any CPU.Build.0 = Release|Any CPU
		{66151881-DAA4-4ED6-BF03-53FB561DF796}.Release|x64.ActiveCfg = Release|Any CPU
		{66151881-DAA4-4ED6-BF03-53FB561DF796}.Release|x64.Build.0 = Release|Any CPU
		{66151881-DAA4-4ED6-BF03-53FB561DF796}.Release|x86.ActiveCfg = Release|Any CPU
		{66151881-DAA4-4ED6-BF03-53FB561DF796}.Release|x86.Build.0 = Release|Any CPU
		{F2907C05-98AE-46FC-9F5A-4ECC35ED1A45}.Debug|Any CPU.ActiveCfg = Debug|Any CPU
		{F2907C05-98AE-46FC-9F5A-4ECC35ED1A45}.Debug|Any CPU.Build.0 = Debug|Any CPU
		{F2907C05-98AE-46FC-9F5A-4ECC35ED1A45}.Debug|x64.ActiveCfg = Debug|Any CPU
		{F2907C05-98AE-46FC-9F5A-4ECC35ED1A45}.Debug|x64.Build.0 = Debug|Any CPU
		{F2907C05-98AE-46FC-9F5A-4ECC35ED1A45}.Debug|x86.ActiveCfg = Debug|Any CPU
		{F2907C05-98AE-46FC-9F5A-4ECC35ED1A45}.Debug|x86.Build.0 = Debug|Any CPU
		{F2907C05-98AE-46FC-9F5A-4ECC35ED1A45}.Release|Any CPU.ActiveCfg = Release|Any CPU
		{F2907C05-98AE-46FC-9F5A-4ECC35ED1A45}.Release|Any CPU.Build.0 = Release|Any CPU
		{F2907C05-98AE-46FC-9F5A-4ECC35ED1A45}.Release|x64.ActiveCfg = Release|Any CPU
		{F2907C05-98AE-46FC-9F5A-4ECC35ED1A45}.Release|x64.Build.0 = Release|Any CPU
		{F2907C05-98AE-46FC-9F5A-4ECC35ED1A45}.Release|x86.ActiveCfg = Release|Any CPU
		{F2907C05-98AE-46FC-9F5A-4ECC35ED1A45}.Release|x86.Build.0 = Release|Any CPU
		{137E48E3-878D-413F-AE03-D076D37C48E7}.Debug|Any CPU.ActiveCfg = Debug|Any CPU
		{137E48E3-878D-413F-AE03-D076D37C48E7}.Debug|Any CPU.Build.0 = Debug|Any CPU
		{137E48E3-878D-413F-AE03-D076D37C48E7}.Debug|x64.ActiveCfg = Debug|Any CPU
		{137E48E3-878D-413F-AE03-D076D37C48E7}.Debug|x64.Build.0 = Debug|Any CPU
		{137E48E3-878D-413F-AE03-D076D37C48E7}.Debug|x86.ActiveCfg = Debug|Any CPU
		{137E48E3-878D-413F-AE03-D076D37C48E7}.Debug|x86.Build.0 = Debug|Any CPU
		{137E48E3-878D-413F-AE03-D076D37C48E7}.Release|Any CPU.ActiveCfg = Release|Any CPU
		{137E48E3-878D-413F-AE03-D076D37C48E7}.Release|Any CPU.Build.0 = Release|Any CPU
		{137E48E3-878D-413F-AE03-D076D37C48E7}.Release|x64.ActiveCfg = Release|Any CPU
		{137E48E3-878D-413F-AE03-D076D37C48E7}.Release|x64.Build.0 = Release|Any CPU
		{137E48E3-878D-413F-AE03-D076D37C48E7}.Release|x86.ActiveCfg = Release|Any CPU
		{137E48E3-878D-413F-AE03-D076D37C48E7}.Release|x86.Build.0 = Release|Any CPU
		{73024369-64CC-45B8-8146-957851B7E49C}.Debug|Any CPU.ActiveCfg = Debug|Any CPU
		{73024369-64CC-45B8-8146-957851B7E49C}.Debug|Any CPU.Build.0 = Debug|Any CPU
		{73024369-64CC-45B8-8146-957851B7E49C}.Debug|x64.ActiveCfg = Debug|Any CPU
		{73024369-64CC-45B8-8146-957851B7E49C}.Debug|x64.Build.0 = Debug|Any CPU
		{73024369-64CC-45B8-8146-957851B7E49C}.Debug|x86.ActiveCfg = Debug|Any CPU
		{73024369-64CC-45B8-8146-957851B7E49C}.Debug|x86.Build.0 = Debug|Any CPU
		{73024369-64CC-45B8-8146-957851B7E49C}.Release|Any CPU.ActiveCfg = Release|Any CPU
		{73024369-64CC-45B8-8146-957851B7E49C}.Release|Any CPU.Build.0 = Release|Any CPU
		{73024369-64CC-45B8-8146-957851B7E49C}.Release|x64.ActiveCfg = Release|Any CPU
		{73024369-64CC-45B8-8146-957851B7E49C}.Release|x64.Build.0 = Release|Any CPU
		{73024369-64CC-45B8-8146-957851B7E49C}.Release|x86.ActiveCfg = Release|Any CPU
		{73024369-64CC-45B8-8146-957851B7E49C}.Release|x86.Build.0 = Release|Any CPU
		{8D3FAF35-7995-47D6-B869-2108364B1034}.Debug|Any CPU.ActiveCfg = Debug|Any CPU
		{8D3FAF35-7995-47D6-B869-2108364B1034}.Debug|Any CPU.Build.0 = Debug|Any CPU
		{8D3FAF35-7995-47D6-B869-2108364B1034}.Debug|x64.ActiveCfg = Debug|Any CPU
		{8D3FAF35-7995-47D6-B869-2108364B1034}.Debug|x64.Build.0 = Debug|Any CPU
		{8D3FAF35-7995-47D6-B869-2108364B1034}.Debug|x86.ActiveCfg = Debug|Any CPU
		{8D3FAF35-7995-47D6-B869-2108364B1034}.Debug|x86.Build.0 = Debug|Any CPU
		{8D3FAF35-7995-47D6-B869-2108364B1034}.Release|Any CPU.ActiveCfg = Release|Any CPU
		{8D3FAF35-7995-47D6-B869-2108364B1034}.Release|Any CPU.Build.0 = Release|Any CPU
		{8D3FAF35-7995-47D6-B869-2108364B1034}.Release|x64.ActiveCfg = Release|Any CPU
		{8D3FAF35-7995-47D6-B869-2108364B1034}.Release|x64.Build.0 = Release|Any CPU
		{8D3FAF35-7995-47D6-B869-2108364B1034}.Release|x86.ActiveCfg = Release|Any CPU
		{8D3FAF35-7995-47D6-B869-2108364B1034}.Release|x86.Build.0 = Release|Any CPU
		{C9148B19-B5A8-4FD0-8655-A4731109B2BA}.Debug|Any CPU.ActiveCfg = Debug|Any CPU
		{C9148B19-B5A8-4FD0-8655-A4731109B2BA}.Debug|Any CPU.Build.0 = Debug|Any CPU
		{C9148B19-B5A8-4FD0-8655-A4731109B2BA}.Debug|x64.ActiveCfg = Debug|Any CPU
		{C9148B19-B5A8-4FD0-8655-A4731109B2BA}.Debug|x64.Build.0 = Debug|Any CPU
		{C9148B19-B5A8-4FD0-8655-A4731109B2BA}.Debug|x86.ActiveCfg = Debug|Any CPU
		{C9148B19-B5A8-4FD0-8655-A4731109B2BA}.Debug|x86.Build.0 = Debug|Any CPU
		{C9148B19-B5A8-4FD0-8655-A4731109B2BA}.Release|Any CPU.ActiveCfg = Release|Any CPU
		{C9148B19-B5A8-4FD0-8655-A4731109B2BA}.Release|Any CPU.Build.0 = Release|Any CPU
		{C9148B19-B5A8-4FD0-8655-A4731109B2BA}.Release|x64.ActiveCfg = Release|Any CPU
		{C9148B19-B5A8-4FD0-8655-A4731109B2BA}.Release|x64.Build.0 = Release|Any CPU
		{C9148B19-B5A8-4FD0-8655-A4731109B2BA}.Release|x86.ActiveCfg = Release|Any CPU
		{C9148B19-B5A8-4FD0-8655-A4731109B2BA}.Release|x86.Build.0 = Release|Any CPU
		{19BA3A36-7D61-4A03-B859-3A8B51D95DA8}.Debug|Any CPU.ActiveCfg = Debug|Any CPU
		{19BA3A36-7D61-4A03-B859-3A8B51D95DA8}.Debug|Any CPU.Build.0 = Debug|Any CPU
		{19BA3A36-7D61-4A03-B859-3A8B51D95DA8}.Debug|x64.ActiveCfg = Debug|Any CPU
		{19BA3A36-7D61-4A03-B859-3A8B51D95DA8}.Debug|x64.Build.0 = Debug|Any CPU
		{19BA3A36-7D61-4A03-B859-3A8B51D95DA8}.Debug|x86.ActiveCfg = Debug|Any CPU
		{19BA3A36-7D61-4A03-B859-3A8B51D95DA8}.Debug|x86.Build.0 = Debug|Any CPU
		{19BA3A36-7D61-4A03-B859-3A8B51D95DA8}.Release|Any CPU.ActiveCfg = Release|Any CPU
		{19BA3A36-7D61-4A03-B859-3A8B51D95DA8}.Release|Any CPU.Build.0 = Release|Any CPU
		{19BA3A36-7D61-4A03-B859-3A8B51D95DA8}.Release|x64.ActiveCfg = Release|Any CPU
		{19BA3A36-7D61-4A03-B859-3A8B51D95DA8}.Release|x64.Build.0 = Release|Any CPU
		{19BA3A36-7D61-4A03-B859-3A8B51D95DA8}.Release|x86.ActiveCfg = Release|Any CPU
		{19BA3A36-7D61-4A03-B859-3A8B51D95DA8}.Release|x86.Build.0 = Release|Any CPU
		{001C198A-D9E6-46E1-9868-6534F59C349F}.Debug|Any CPU.ActiveCfg = Debug|Any CPU
		{001C198A-D9E6-46E1-9868-6534F59C349F}.Debug|Any CPU.Build.0 = Debug|Any CPU
		{001C198A-D9E6-46E1-9868-6534F59C349F}.Debug|x64.ActiveCfg = Debug|Any CPU
		{001C198A-D9E6-46E1-9868-6534F59C349F}.Debug|x64.Build.0 = Debug|Any CPU
		{001C198A-D9E6-46E1-9868-6534F59C349F}.Debug|x86.ActiveCfg = Debug|Any CPU
		{001C198A-D9E6-46E1-9868-6534F59C349F}.Debug|x86.Build.0 = Debug|Any CPU
		{001C198A-D9E6-46E1-9868-6534F59C349F}.Release|Any CPU.ActiveCfg = Release|Any CPU
		{001C198A-D9E6-46E1-9868-6534F59C349F}.Release|Any CPU.Build.0 = Release|Any CPU
		{001C198A-D9E6-46E1-9868-6534F59C349F}.Release|x64.ActiveCfg = Release|Any CPU
		{001C198A-D9E6-46E1-9868-6534F59C349F}.Release|x64.Build.0 = Release|Any CPU
		{001C198A-D9E6-46E1-9868-6534F59C349F}.Release|x86.ActiveCfg = Release|Any CPU
		{001C198A-D9E6-46E1-9868-6534F59C349F}.Release|x86.Build.0 = Release|Any CPU
		{75688703-FE86-44AA-8F70-9E448D56243C}.Debug|Any CPU.ActiveCfg = Debug|Any CPU
		{75688703-FE86-44AA-8F70-9E448D56243C}.Debug|Any CPU.Build.0 = Debug|Any CPU
		{75688703-FE86-44AA-8F70-9E448D56243C}.Debug|x64.ActiveCfg = Debug|Any CPU
		{75688703-FE86-44AA-8F70-9E448D56243C}.Debug|x64.Build.0 = Debug|Any CPU
		{75688703-FE86-44AA-8F70-9E448D56243C}.Debug|x86.ActiveCfg = Debug|Any CPU
		{75688703-FE86-44AA-8F70-9E448D56243C}.Debug|x86.Build.0 = Debug|Any CPU
		{75688703-FE86-44AA-8F70-9E448D56243C}.Release|Any CPU.ActiveCfg = Release|Any CPU
		{75688703-FE86-44AA-8F70-9E448D56243C}.Release|Any CPU.Build.0 = Release|Any CPU
		{75688703-FE86-44AA-8F70-9E448D56243C}.Release|x64.ActiveCfg = Release|Any CPU
		{75688703-FE86-44AA-8F70-9E448D56243C}.Release|x64.Build.0 = Release|Any CPU
		{75688703-FE86-44AA-8F70-9E448D56243C}.Release|x86.ActiveCfg = Release|Any CPU
		{75688703-FE86-44AA-8F70-9E448D56243C}.Release|x86.Build.0 = Release|Any CPU
		{4AAB64B7-3DA1-4794-A314-607C0373B282}.Debug|Any CPU.ActiveCfg = Debug|Any CPU
		{4AAB64B7-3DA1-4794-A314-607C0373B282}.Debug|Any CPU.Build.0 = Debug|Any CPU
		{4AAB64B7-3DA1-4794-A314-607C0373B282}.Debug|x64.ActiveCfg = Debug|Any CPU
		{4AAB64B7-3DA1-4794-A314-607C0373B282}.Debug|x64.Build.0 = Debug|Any CPU
		{4AAB64B7-3DA1-4794-A314-607C0373B282}.Debug|x86.ActiveCfg = Debug|Any CPU
		{4AAB64B7-3DA1-4794-A314-607C0373B282}.Debug|x86.Build.0 = Debug|Any CPU
		{4AAB64B7-3DA1-4794-A314-607C0373B282}.Release|Any CPU.ActiveCfg = Release|Any CPU
		{4AAB64B7-3DA1-4794-A314-607C0373B282}.Release|Any CPU.Build.0 = Release|Any CPU
		{4AAB64B7-3DA1-4794-A314-607C0373B282}.Release|x64.ActiveCfg = Release|Any CPU
		{4AAB64B7-3DA1-4794-A314-607C0373B282}.Release|x64.Build.0 = Release|Any CPU
		{4AAB64B7-3DA1-4794-A314-607C0373B282}.Release|x86.ActiveCfg = Release|Any CPU
		{4AAB64B7-3DA1-4794-A314-607C0373B282}.Release|x86.Build.0 = Release|Any CPU
	EndGlobalSection
EndGlobal
